
Microsoft Visual Studio Solution File, Format Version 12.00
# Visual Studio Version 16
VisualStudioVersion = 16.0.31205.134
MinimumVisualStudioVersion = 10.0.40219.1
Project("{FAE04EC0-301F-11D3-BF4B-00C04F79EFBC}") = "Salario", "Salario\Salario.csproj", "{84D219D5-4B37-45BA-B7D1-D6679DED1A3C}"
EndProject
Global
	GlobalSection(SolutionConfigurationPlatforms) = preSolution
		Debug|Any CPU = Debug|Any CPU
		Release|Any CPU = Release|Any CPU
	EndGlobalSection
	GlobalSection(ProjectConfigurationPlatforms) = postSolution
		{84D219D5-4B37-45BA-B7D1-D6679DED1A3C}.Debug|Any CPU.ActiveCfg = Debug|Any CPU
		{84D219D5-4B37-45BA-B7D1-D6679DED1A3C}.Debug|Any CPU.Build.0 = Debug|Any CPU
		{84D219D5-4B37-45BA-B7D1-D6679DED1A3C}.Release|Any CPU.ActiveCfg = Release|Any CPU
		{84D219D5-4B37-45BA-B7D1-D6679DED1A3C}.Release|Any CPU.Build.0 = Release|Any CPU
	EndGlobalSection
	GlobalSection(SolutionProperties) = preSolution
		HideSolutionNode = FALSE
	EndGlobalSection
	GlobalSection(ExtensibilityGlobals) = postSolution
		SolutionGuid = {8AF8E79D-8230-4E19-9066-0530BC913269}
	EndGlobalSection
EndGlobal
