
Microsoft Visual Studio Solution File, Format Version 12.00
# Visual Studio Version 16
VisualStudioVersion = 16.0.31205.134
MinimumVisualStudioVersion = 10.0.40219.1
Project("{FAE04EC0-301F-11D3-BF4B-00C04F79EFBC}") = "PararNumeroInformado0", "PararNumeroInformado0\PararNumeroInformado0.csproj", "{136795DB-39E4-4E42-A431-63B345B85F02}"
EndProject
Global
	GlobalSection(SolutionConfigurationPlatforms) = preSolution
		Debug|Any CPU = Debug|Any CPU
		Release|Any CPU = Release|Any CPU
	EndGlobalSection
	GlobalSection(ProjectConfigurationPlatforms) = postSolution
		{136795DB-39E4-4E42-A431-63B345B85F02}.Debug|Any CPU.ActiveCfg = Debug|Any CPU
		{136795DB-39E4-4E42-A431-63B345B85F02}.Debug|Any CPU.Build.0 = Debug|Any CPU
		{136795DB-39E4-4E42-A431-63B345B85F02}.Release|Any CPU.ActiveCfg = Release|Any CPU
		{136795DB-39E4-4E42-A431-63B345B85F02}.Release|Any CPU.Build.0 = Release|Any CPU
	EndGlobalSection
	GlobalSection(SolutionProperties) = preSolution
		HideSolutionNode = FALSE
	EndGlobalSection
	GlobalSection(ExtensibilityGlobals) = postSolution
		SolutionGuid = {62E33D76-9232-41B3-971F-27B7ED53FB4C}
	EndGlobalSection
EndGlobal
