
Microsoft Visual Studio Solution File, Format Version 12.00
# Visual Studio Version 16
VisualStudioVersion = 16.0.31205.134
MinimumVisualStudioVersion = 10.0.40219.1
Project("{FAE04EC0-301F-11D3-BF4B-00C04F79EFBC}") = "TransformandoEmSegundos", "TransformandoEmSegundos\TransformandoEmSegundos.csproj", "{5723D42E-AB3D-4831-8522-0CDFF2DBB21A}"
EndProject
Global
	GlobalSection(SolutionConfigurationPlatforms) = preSolution
		Debug|Any CPU = Debug|Any CPU
		Release|Any CPU = Release|Any CPU
	EndGlobalSection
	GlobalSection(ProjectConfigurationPlatforms) = postSolution
		{5723D42E-AB3D-4831-8522-0CDFF2DBB21A}.Debug|Any CPU.ActiveCfg = Debug|Any CPU
		{5723D42E-AB3D-4831-8522-0CDFF2DBB21A}.Debug|Any CPU.Build.0 = Debug|Any CPU
		{5723D42E-AB3D-4831-8522-0CDFF2DBB21A}.Release|Any CPU.ActiveCfg = Release|Any CPU
		{5723D42E-AB3D-4831-8522-0CDFF2DBB21A}.Release|Any CPU.Build.0 = Release|Any CPU
	EndGlobalSection
	GlobalSection(SolutionProperties) = preSolution
		HideSolutionNode = FALSE
	EndGlobalSection
	GlobalSection(ExtensibilityGlobals) = postSolution
		SolutionGuid = {B25F9987-A00C-4BC9-92C0-197E75858A41}
	EndGlobalSection
EndGlobal
