
Microsoft Visual Studio Solution File, Format Version 12.00
# Visual Studio Version 16
VisualStudioVersion = 16.0.31205.134
MinimumVisualStudioVersion = 10.0.40219.1
Project("{FAE04EC0-301F-11D3-BF4B-00C04F79EFBC}") = "MultiplosDe4De0a1000", "MultiplosDe4De0a1000\MultiplosDe4De0a1000.csproj", "{4D4C3A96-EE21-464A-B19B-2B662664CF8A}"
EndProject
Global
	GlobalSection(SolutionConfigurationPlatforms) = preSolution
		Debug|Any CPU = Debug|Any CPU
		Release|Any CPU = Release|Any CPU
	EndGlobalSection
	GlobalSection(ProjectConfigurationPlatforms) = postSolution
		{4D4C3A96-EE21-464A-B19B-2B662664CF8A}.Debug|Any CPU.ActiveCfg = Debug|Any CPU
		{4D4C3A96-EE21-464A-B19B-2B662664CF8A}.Debug|Any CPU.Build.0 = Debug|Any CPU
		{4D4C3A96-EE21-464A-B19B-2B662664CF8A}.Release|Any CPU.ActiveCfg = Release|Any CPU
		{4D4C3A96-EE21-464A-B19B-2B662664CF8A}.Release|Any CPU.Build.0 = Release|Any CPU
	EndGlobalSection
	GlobalSection(SolutionProperties) = preSolution
		HideSolutionNode = FALSE
	EndGlobalSection
	GlobalSection(ExtensibilityGlobals) = postSolution
		SolutionGuid = {641A70FD-9EDA-4CC0-834F-4F6B9921F252}
	EndGlobalSection
EndGlobal
