
Microsoft Visual Studio Solution File, Format Version 12.00
# Visual Studio Version 16
VisualStudioVersion = 16.0.31205.134
MinimumVisualStudioVersion = 10.0.40219.1
Project("{FAE04EC0-301F-11D3-BF4B-00C04F79EFBC}") = "Repiticao1ao9", "Repiticao1ao9\Repiticao1ao9.csproj", "{026A93F7-009A-4CE8-8F4C-43AB3CB03C96}"
EndProject
Global
	GlobalSection(SolutionConfigurationPlatforms) = preSolution
		Debug|Any CPU = Debug|Any CPU
		Release|Any CPU = Release|Any CPU
	EndGlobalSection
	GlobalSection(ProjectConfigurationPlatforms) = postSolution
		{026A93F7-009A-4CE8-8F4C-43AB3CB03C96}.Debug|Any CPU.ActiveCfg = Debug|Any CPU
		{026A93F7-009A-4CE8-8F4C-43AB3CB03C96}.Debug|Any CPU.Build.0 = Debug|Any CPU
		{026A93F7-009A-4CE8-8F4C-43AB3CB03C96}.Release|Any CPU.ActiveCfg = Release|Any CPU
		{026A93F7-009A-4CE8-8F4C-43AB3CB03C96}.Release|Any CPU.Build.0 = Release|Any CPU
	EndGlobalSection
	GlobalSection(SolutionProperties) = preSolution
		HideSolutionNode = FALSE
	EndGlobalSection
	GlobalSection(ExtensibilityGlobals) = postSolution
		SolutionGuid = {C8C95F5C-ECD3-4410-A9D9-DE161DEADB2C}
	EndGlobalSection
EndGlobal
