
Microsoft Visual Studio Solution File, Format Version 12.00
# Visual Studio Version 16
VisualStudioVersion = 16.0.31205.134
MinimumVisualStudioVersion = 10.0.40219.1
Project("{FAE04EC0-301F-11D3-BF4B-00C04F79EFBC}") = "Data_Time", "Data_Time\Data_Time.csproj", "{48A6741E-F672-47F2-B94E-D9F661C74902}"
EndProject
Global
	GlobalSection(SolutionConfigurationPlatforms) = preSolution
		Debug|Any CPU = Debug|Any CPU
		Release|Any CPU = Release|Any CPU
	EndGlobalSection
	GlobalSection(ProjectConfigurationPlatforms) = postSolution
		{48A6741E-F672-47F2-B94E-D9F661C74902}.Debug|Any CPU.ActiveCfg = Debug|Any CPU
		{48A6741E-F672-47F2-B94E-D9F661C74902}.Debug|Any CPU.Build.0 = Debug|Any CPU
		{48A6741E-F672-47F2-B94E-D9F661C74902}.Release|Any CPU.ActiveCfg = Release|Any CPU
		{48A6741E-F672-47F2-B94E-D9F661C74902}.Release|Any CPU.Build.0 = Release|Any CPU
	EndGlobalSection
	GlobalSection(SolutionProperties) = preSolution
		HideSolutionNode = FALSE
	EndGlobalSection
	GlobalSection(ExtensibilityGlobals) = postSolution
		SolutionGuid = {B1E00062-FC94-4B78-B20E-C9552A3EFBDB}
	EndGlobalSection
EndGlobal
